
Microsoft Visual Studio Solution File, Format Version 12.00
# Visual Studio 2012
Project("{FAE04EC0-301F-11D3-BF4B-00C04F79EFBC}") = "BoggleServer", "BoggleServer\BoggleServer.csproj", "{07A6CBE8-68B3-401B-8751-CD8584675EE4}"
EndProject
Project("{FAE04EC0-301F-11D3-BF4B-00C04F79EFBC}") = "BoggleServerTest", "BoggleServerTest\BoggleServerTest.csproj", "{D218C262-E287-4CF7-BE87-A2C79B35DC8A}"
EndProject
Project("{2150E333-8FDC-42A3-9474-1A3956D46DE8}") = "Solution Items", "Solution Items", "{CC448DA1-DA4A-4E32-9800-6AB5FEB9BF91}"
	ProjectSection(SolutionItems) = preProject
		Solution Items\dictionary.txt = Solution Items\dictionary.txt
		README.txt = README.txt
		Solution Items\StringSocket.dll = Solution Items\StringSocket.dll
	EndProjectSection
EndProject
Global
	GlobalSection(SolutionConfigurationPlatforms) = preSolution
		Debug|Any CPU = Debug|Any CPU
		Release|Any CPU = Release|Any CPU
	EndGlobalSection
	GlobalSection(ProjectConfigurationPlatforms) = postSolution
		{07A6CBE8-68B3-401B-8751-CD8584675EE4}.Debug|Any CPU.ActiveCfg = Debug|Any CPU
		{07A6CBE8-68B3-401B-8751-CD8584675EE4}.Debug|Any CPU.Build.0 = Debug|Any CPU
		{07A6CBE8-68B3-401B-8751-CD8584675EE4}.Release|Any CPU.ActiveCfg = Release|Any CPU
		{07A6CBE8-68B3-401B-8751-CD8584675EE4}.Release|Any CPU.Build.0 = Release|Any CPU
		{D218C262-E287-4CF7-BE87-A2C79B35DC8A}.Debug|Any CPU.ActiveCfg = Debug|Any CPU
		{D218C262-E287-4CF7-BE87-A2C79B35DC8A}.Debug|Any CPU.Build.0 = Debug|Any CPU
		{D218C262-E287-4CF7-BE87-A2C79B35DC8A}.Release|Any CPU.ActiveCfg = Release|Any CPU
		{D218C262-E287-4CF7-BE87-A2C79B35DC8A}.Release|Any CPU.Build.0 = Release|Any CPU
	EndGlobalSection
	GlobalSection(SolutionProperties) = preSolution
		HideSolutionNode = FALSE
	EndGlobalSection
EndGlobal
